
Microsoft Visual Studio Solution File, Format Version 12.00
# Visual Studio Version 17
VisualStudioVersion = 17.7.34031.279
MinimumVisualStudioVersion = 10.0.40219.1
Project("{FAE04EC0-301F-11D3-BF4B-00C04F79EFBC}") = "Prob03_Lab03", "Prob03_Lab03.csproj", "{5B41B7BE-07AF-48A6-9F3C-16C6DC727823}"
EndProject
Global
	GlobalSection(SolutionConfigurationPlatforms) = preSolution
		Debug|Any CPU = Debug|Any CPU
		Release|Any CPU = Release|Any CPU
	EndGlobalSection
	GlobalSection(ProjectConfigurationPlatforms) = postSolution
		{5B41B7BE-07AF-48A6-9F3C-16C6DC727823}.Debug|Any CPU.ActiveCfg = Debug|Any CPU
		{5B41B7BE-07AF-48A6-9F3C-16C6DC727823}.Debug|Any CPU.Build.0 = Debug|Any CPU
		{5B41B7BE-07AF-48A6-9F3C-16C6DC727823}.Release|Any CPU.ActiveCfg = Release|Any CPU
		{5B41B7BE-07AF-48A6-9F3C-16C6DC727823}.Release|Any CPU.Build.0 = Release|Any CPU
	EndGlobalSection
	GlobalSection(SolutionProperties) = preSolution
		HideSolutionNode = FALSE
	EndGlobalSection
	GlobalSection(ExtensibilityGlobals) = postSolution
		SolutionGuid = {3587C2F9-8BE0-4ECE-A23A-D27DCA37EAAE}
	EndGlobalSection
EndGlobal
